
Microsoft Visual Studio Solution File, Format Version 12.00
# Visual Studio 15
VisualStudioVersion = 15.0.28010.2041
MinimumVisualStudioVersion = 10.0.40219.1
Project("{2150E333-8FDC-42A3-9474-1A3956D46DE8}") = "src", "src", "{C77656BF-AAC7-4431-BE4F-E7CAF6307202}"
EndProject
Project("{2150E333-8FDC-42A3-9474-1A3956D46DE8}") = "examples", "examples", "{34DE238C-2233-4BF7-93E6-F18579D82D11}"
EndProject
Project("{2150E333-8FDC-42A3-9474-1A3956D46DE8}") = "test", "test", "{CDBE1F61-CDF9-495B-9252-E9F6B9F4D60A}"
EndProject
Project("{9A19103F-16F7-4668-BE54-9A1E7A4F7556}") = "NS.OpenXml.Bookmark", "src\NS.OpenXml.Bookmark\NS.OpenXml.Bookmark.csproj", "{D806D9D8-C313-4A8B-BD94-28594E451ADF}"
EndProject
Project("{9A19103F-16F7-4668-BE54-9A1E7A4F7556}") = "NS.OpenXml.Bookmark.Sample", "examples\NS.OpenXml.Bookmark.Sample\NS.OpenXml.Bookmark.Sample.csproj", "{C14E44CA-47AD-419F-AB8A-D83950A65A25}"
EndProject
Global
	GlobalSection(SolutionConfigurationPlatforms) = preSolution
		Debug|Any CPU = Debug|Any CPU
		Release|Any CPU = Release|Any CPU
	EndGlobalSection
	GlobalSection(ProjectConfigurationPlatforms) = postSolution
		{D806D9D8-C313-4A8B-BD94-28594E451ADF}.Debug|Any CPU.ActiveCfg = Debug|Any CPU
		{D806D9D8-C313-4A8B-BD94-28594E451ADF}.Debug|Any CPU.Build.0 = Debug|Any CPU
		{D806D9D8-C313-4A8B-BD94-28594E451ADF}.Release|Any CPU.ActiveCfg = Release|Any CPU
		{D806D9D8-C313-4A8B-BD94-28594E451ADF}.Release|Any CPU.Build.0 = Release|Any CPU
		{C14E44CA-47AD-419F-AB8A-D83950A65A25}.Debug|Any CPU.ActiveCfg = Debug|Any CPU
		{C14E44CA-47AD-419F-AB8A-D83950A65A25}.Debug|Any CPU.Build.0 = Debug|Any CPU
		{C14E44CA-47AD-419F-AB8A-D83950A65A25}.Release|Any CPU.ActiveCfg = Release|Any CPU
		{C14E44CA-47AD-419F-AB8A-D83950A65A25}.Release|Any CPU.Build.0 = Release|Any CPU
	EndGlobalSection
	GlobalSection(SolutionProperties) = preSolution
		HideSolutionNode = FALSE
	EndGlobalSection
	GlobalSection(NestedProjects) = preSolution
		{D806D9D8-C313-4A8B-BD94-28594E451ADF} = {C77656BF-AAC7-4431-BE4F-E7CAF6307202}
		{C14E44CA-47AD-419F-AB8A-D83950A65A25} = {34DE238C-2233-4BF7-93E6-F18579D82D11}
	EndGlobalSection
	GlobalSection(ExtensibilityGlobals) = postSolution
		SolutionGuid = {77089F20-DE10-4195-9E26-24411265CD8C}
	EndGlobalSection
EndGlobal
