
Microsoft Visual Studio Solution File, Format Version 12.00
# Visual Studio 15
VisualStudioVersion = 15.0.28010.2041
MinimumVisualStudioVersion = 10.0.40219.1
Project("{FAE04EC0-301F-11D3-BF4B-00C04F79EFBC}") = "NS.OpenXml.Bookmark", "NS.OpenXml.Bookmark\NS.OpenXml.Bookmark.csproj", "{4435B2C5-9FF9-46B3-A943-BDCFFFEAAEB6}"
EndProject
Project("{FAE04EC0-301F-11D3-BF4B-00C04F79EFBC}") = "NS.OpenXml.Bookmark.Sample", "NS.OpenXml.Bookmark.Sample\NS.OpenXml.Bookmark.Sample.csproj", "{D6BDC128-02FA-4A22-94EF-A1F81F5765D4}"
EndProject
Global
	GlobalSection(SolutionConfigurationPlatforms) = preSolution
		Debug|Any CPU = Debug|Any CPU
		Release|Any CPU = Release|Any CPU
	EndGlobalSection
	GlobalSection(ProjectConfigurationPlatforms) = postSolution
		{4435B2C5-9FF9-46B3-A943-BDCFFFEAAEB6}.Debug|Any CPU.ActiveCfg = Debug|Any CPU
		{4435B2C5-9FF9-46B3-A943-BDCFFFEAAEB6}.Debug|Any CPU.Build.0 = Debug|Any CPU
		{4435B2C5-9FF9-46B3-A943-BDCFFFEAAEB6}.Release|Any CPU.ActiveCfg = Release|Any CPU
		{4435B2C5-9FF9-46B3-A943-BDCFFFEAAEB6}.Release|Any CPU.Build.0 = Release|Any CPU
		{D6BDC128-02FA-4A22-94EF-A1F81F5765D4}.Debug|Any CPU.ActiveCfg = Debug|Any CPU
		{D6BDC128-02FA-4A22-94EF-A1F81F5765D4}.Debug|Any CPU.Build.0 = Debug|Any CPU
		{D6BDC128-02FA-4A22-94EF-A1F81F5765D4}.Release|Any CPU.ActiveCfg = Release|Any CPU
		{D6BDC128-02FA-4A22-94EF-A1F81F5765D4}.Release|Any CPU.Build.0 = Release|Any CPU
	EndGlobalSection
	GlobalSection(SolutionProperties) = preSolution
		HideSolutionNode = FALSE
	EndGlobalSection
	GlobalSection(ExtensibilityGlobals) = postSolution
		SolutionGuid = {77089F20-DE10-4195-9E26-24411265CD8C}
	EndGlobalSection
EndGlobal
